
Microsoft Visual Studio Solution File, Format Version 12.00
# Visual Studio Version 17
VisualStudioVersion = 17.2.32630.192
MinimumVisualStudioVersion = 10.0.40219.1
Project("{FAE04EC0-301F-11D3-BF4B-00C04F79EFBC}") = "ShopRiteInventoryMgtSystem", "ShopRiteInventoryMgtSystem\ShopRiteInventoryMgtSystem.csproj", "{F47B88D4-1BE8-4FDB-85E0-B863039DE274}"
EndProject
Global
	GlobalSection(SolutionConfigurationPlatforms) = preSolution
		Debug|Any CPU = Debug|Any CPU
		Release|Any CPU = Release|Any CPU
	EndGlobalSection
	GlobalSection(ProjectConfigurationPlatforms) = postSolution
		{F47B88D4-1BE8-4FDB-85E0-B863039DE274}.Debug|Any CPU.ActiveCfg = Debug|Any CPU
		{F47B88D4-1BE8-4FDB-85E0-B863039DE274}.Debug|Any CPU.Build.0 = Debug|Any CPU
		{F47B88D4-1BE8-4FDB-85E0-B863039DE274}.Release|Any CPU.ActiveCfg = Release|Any CPU
		{F47B88D4-1BE8-4FDB-85E0-B863039DE274}.Release|Any CPU.Build.0 = Release|Any CPU
	EndGlobalSection
	GlobalSection(SolutionProperties) = preSolution
		HideSolutionNode = FALSE
	EndGlobalSection
	GlobalSection(ExtensibilityGlobals) = postSolution
		SolutionGuid = {7E553934-A1B6-425D-BDA6-BEA2259CA2E9}
	EndGlobalSection
EndGlobal
